
Microsoft Visual Studio Solution File, Format Version 12.00
# Visual Studio Version 17
VisualStudioVersion = 17.11.35327.3
MinimumVisualStudioVersion = 10.0.40219.1
Project("{FAE04EC0-301F-11D3-BF4B-00C04F79EFBC}") = "ElasticSearch.API", "ElasticSearch.API\ElasticSearch.API.csproj", "{E3004464-12C0-4EAC-AA42-5D6D00F62C84}"
EndProject
Project("{E53339B2-1760-4266-BCC7-CA923CBCF16C}") = "docker-compose", "docker-compose.dcproj", "{5FA48D45-8876-4848-B9BF-30462CF10A96}"
EndProject
Global
	GlobalSection(SolutionConfigurationPlatforms) = preSolution
		Debug|Any CPU = Debug|Any CPU
		Release|Any CPU = Release|Any CPU
	EndGlobalSection
	GlobalSection(ProjectConfigurationPlatforms) = postSolution
		{E3004464-12C0-4EAC-AA42-5D6D00F62C84}.Debug|Any CPU.ActiveCfg = Debug|Any CPU
		{E3004464-12C0-4EAC-AA42-5D6D00F62C84}.Debug|Any CPU.Build.0 = Debug|Any CPU
		{E3004464-12C0-4EAC-AA42-5D6D00F62C84}.Release|Any CPU.ActiveCfg = Release|Any CPU
		{E3004464-12C0-4EAC-AA42-5D6D00F62C84}.Release|Any CPU.Build.0 = Release|Any CPU
		{5FA48D45-8876-4848-B9BF-30462CF10A96}.Debug|Any CPU.ActiveCfg = Debug|Any CPU
		{5FA48D45-8876-4848-B9BF-30462CF10A96}.Debug|Any CPU.Build.0 = Debug|Any CPU
		{5FA48D45-8876-4848-B9BF-30462CF10A96}.Release|Any CPU.ActiveCfg = Release|Any CPU
		{5FA48D45-8876-4848-B9BF-30462CF10A96}.Release|Any CPU.Build.0 = Release|Any CPU
	EndGlobalSection
	GlobalSection(SolutionProperties) = preSolution
		HideSolutionNode = FALSE
	EndGlobalSection
	GlobalSection(ExtensibilityGlobals) = postSolution
		SolutionGuid = {76B87ECD-47C8-4D7C-850D-961DEEBCCCB4}
	EndGlobalSection
EndGlobal
